
Microsoft Visual Studio Solution File, Format Version 12.00
# Visual Studio Version 17
VisualStudioVersion = 17.14.37411.7 d17.14
MinimumVisualStudioVersion = 10.0.40219.1
Project("{FAE04EC0-301F-11D3-BF4B-00C04F79EFBC}") = "CRUD", "CRUD\CRUD.csproj", "{E9B95221-1C5C-49D9-8817-C87D46C0C7F6}"
EndProject
Global
	GlobalSection(SolutionConfigurationPlatforms) = preSolution
		Debug|Any CPU = Debug|Any CPU
		Release|Any CPU = Release|Any CPU
	EndGlobalSection
	GlobalSection(ProjectConfigurationPlatforms) = postSolution
		{E9B95221-1C5C-49D9-8817-C87D46C0C7F6}.Debug|Any CPU.ActiveCfg = Debug|Any CPU
		{E9B95221-1C5C-49D9-8817-C87D46C0C7F6}.Debug|Any CPU.Build.0 = Debug|Any CPU
		{E9B95221-1C5C-49D9-8817-C87D46C0C7F6}.Release|Any CPU.ActiveCfg = Release|Any CPU
		{E9B95221-1C5C-49D9-8817-C87D46C0C7F6}.Release|Any CPU.Build.0 = Release|Any CPU
	EndGlobalSection
	GlobalSection(SolutionProperties) = preSolution
		HideSolutionNode = FALSE
	EndGlobalSection
	GlobalSection(ExtensibilityGlobals) = postSolution
		SolutionGuid = {0CBF80B8-6E71-47F9-B5B5-45A4349ED6F2}
	EndGlobalSection
EndGlobal
